// !$*UTF8*$!
{
	archiveVersion = 1;
	classes = {
	};
	objectVersion = 50;
	objects = {

/* Begin PBXBuildFile section */
		9B22EE0722DAFE9E00F19980 /* MovieTableViewCell.swift in Sources */ = {isa = PBXBuildFile; fileRef = 9B22EE0622DAFE9E00F19980 /* MovieTableViewCell.swift */; };
		9B22EE0B22DB0E8100F19980 /* MovieDetailViewController.swift in Sources */ = {isa = PBXBuildFile; fileRef = 9B22EE0A22DB0E8100F19980 /* MovieDetailViewController.swift */; };
		9B6C7EC122DAE7360004EB45 /* Movie.swift in Sources */ = {isa = PBXBuildFile; fileRef = 9B6C7EC022DAE7360004EB45 /* Movie.swift */; };
		9B9D297222D8C1C300746139 /* AppDelegate.swift in Sources */ = {isa = PBXBuildFile; fileRef = 9B9D297122D8C1C300746139 /* AppDelegate.swift */; };
		9B9D297422D8C1C300746139 /* SceneDelegate.swift in Sources */ = {isa = PBXBuildFile; fileRef = 9B9D297322D8C1C300746139 /* SceneDelegate.swift */; };
		9B9D297922D8C1C300746139 /* Main.storyboard in Resources */ = {isa = PBXBuildFile; fileRef = 9B9D297722D8C1C300746139 /* Main.storyboard */; };
		9B9D297B22D8C1C600746139 /* Assets.xcassets in Resources */ = {isa = PBXBuildFile; fileRef = 9B9D297A22D8C1C600746139 /* Assets.xcassets */; };
		9B9D297E22D8C1C600746139 /* LaunchScreen.storyboard in Resources */ = {isa = PBXBuildFile; fileRef = 9B9D297C22D8C1C600746139 /* LaunchScreen.storyboard */; };
		9B9D298622D8C25F00746139 /* MovieTableViewController.swift in Sources */ = {isa = PBXBuildFile; fileRef = 9B9D298522D8C25F00746139 /* MovieTableViewController.swift */; };
/* End PBXBuildFile section */

/* Begin PBXFileReference section */
		9B22EE0622DAFE9E00F19980 /* MovieTableViewCell.swift */ = {isa = PBXFileReference; lastKnownFileType = sourcecode.swift; path = MovieTableViewCell.swift; sourceTree = "<group>"; };
		9B22EE0A22DB0E8100F19980 /* MovieDetailViewController.swift */ = {isa = PBXFileReference; lastKnownFileType = sourcecode.swift; path = MovieDetailViewController.swift; sourceTree = "<group>"; };
		9B6C7EC022DAE7360004EB45 /* Movie.swift */ = {isa = PBXFileReference; lastKnownFileType = sourcecode.swift; path = Movie.swift; sourceTree = "<group>"; };
		9B9D296E22D8C1C300746139 /* TableViewDiffableDataSourceDemo.app */ = {isa = PBXFileReference; explicitFileType = wrapper.application; includeInIndex = 0; path = TableViewDiffableDataSourceDemo.app; sourceTree = BUILT_PRODUCTS_DIR; };
		9B9D297122D8C1C300746139 /* AppDelegate.swift */ = {isa = PBXFileReference; lastKnownFileType = sourcecode.swift; path = AppDelegate.swift; sourceTree = "<group>"; };
		9B9D297322D8C1C300746139 /* SceneDelegate.swift */ = {isa = PBXFileReference; lastKnownFileType = sourcecode.swift; path = SceneDelegate.swift; sourceTree = "<group>"; };
		9B9D297822D8C1C300746139 /* Base */ = {isa = PBXFileReference; lastKnownFileType = file.storyboard; name = Base; path = Base.lproj/Main.storyboard; sourceTree = "<group>"; };
		9B9D297A22D8C1C600746139 /* Assets.xcassets */ = {isa = PBXFileReference; lastKnownFileType = folder.assetcatalog; path = Assets.xcassets; sourceTree = "<group>"; };
		9B9D297D22D8C1C600746139 /* Base */ = {isa = PBXFileReference; lastKnownFileType = file.storyboard; name = Base; path = Base.lproj/LaunchScreen.storyboard; sourceTree = "<group>"; };
		9B9D297F22D8C1C600746139 /* Info.plist */ = {isa = PBXFileReference; lastKnownFileType = text.plist.xml; path = Info.plist; sourceTree = "<group>"; };
		9B9D298522D8C25F00746139 /* MovieTableViewController.swift */ = {isa = PBXFileReference; lastKnownFileType = sourcecode.swift; path = MovieTableViewController.swift; sourceTree = "<group>"; };
/* End PBXFileReference section */

/* Begin PBXFrameworksBuildPhase section */
		9B9D296B22D8C1C300746139 /* Frameworks */ = {
			isa = PBXFrameworksBuildPhase;
			buildActionMask = 2147483647;
			files = (
			);
			runOnlyForDeploymentPostprocessing = 0;
		};
/* End PBXFrameworksBuildPhase section */

/* Begin PBXGroup section */
		9B9D296522D8C1C300746139 = {
			isa = PBXGroup;
			children = (
				9B9D297022D8C1C300746139 /* TableViewDiffableDataSourceDemo */,
				9B9D296F22D8C1C300746139 /* Products */,
			);
			sourceTree = "<group>";
		};
		9B9D296F22D8C1C300746139 /* Products */ = {
			isa = PBXGroup;
			children = (
				9B9D296E22D8C1C300746139 /* TableViewDiffableDataSourceDemo.app */,
			);
			name = Products;
			sourceTree = "<group>";
		};
		9B9D297022D8C1C300746139 /* TableViewDiffableDataSourceDemo */ = {
			isa = PBXGroup;
			children = (
				9B9D297122D8C1C300746139 /* AppDelegate.swift */,
				9B9D297322D8C1C300746139 /* SceneDelegate.swift */,
				9B9D297722D8C1C300746139 /* Main.storyboard */,
				9B9D298522D8C25F00746139 /* MovieTableViewController.swift */,
				9B22EE0622DAFE9E00F19980 /* MovieTableViewCell.swift */,
				9B6C7EC022DAE7360004EB45 /* Movie.swift */,
				9B22EE0A22DB0E8100F19980 /* MovieDetailViewController.swift */,
				9B9D297A22D8C1C600746139 /* Assets.xcassets */,
				9B9D297C22D8C1C600746139 /* LaunchScreen.storyboard */,
				9B9D297F22D8C1C600746139 /* Info.plist */,
			);
			path = TableViewDiffableDataSourceDemo;
			sourceTree = "<group>";
		};
/* End PBXGroup section */

/* Begin PBXNativeTarget section */
		9B9D296D22D8C1C300746139 /* TableViewDiffableDataSourceDemo */ = {
			isa = PBXNativeTarget;
			buildConfigurationList = 9B9D298222D8C1C600746139 /* Build configuration list for PBXNativeTarget "TableViewDiffableDataSourceDemo" */;
			buildPhases = (
				9B9D296A22D8C1C300746139 /* Sources */,
				9B9D296B22D8C1C300746139 /* Frameworks */,
				9B9D296C22D8C1C300746139 /* Resources */,
			);
			buildRules = (
			);
			dependencies = (
			);
			name = TableViewDiffableDataSourceDemo;
			productName = TableViewDiffableDataSourceDemo;
			productReference = 9B9D296E22D8C1C300746139 /* TableViewDiffableDataSourceDemo.app */;
			productType = "com.apple.product-type.application";
		};
/* End PBXNativeTarget section */

/* Begin PBXProject section */
		9B9D296622D8C1C300746139 /* Project object */ = {
			isa = PBXProject;
			attributes = {
				LastSwiftUpdateCheck = 1100;
				LastUpgradeCheck = 1100;
				ORGANIZATIONNAME = "SHIH-YING PAN";
				TargetAttributes = {
					9B9D296D22D8C1C300746139 = {
						CreatedOnToolsVersion = 11.0;
					};
				};
			};
			buildConfigurationList = 9B9D296922D8C1C300746139 /* Build configuration list for PBXProject "TableViewDiffableDataSourceDemo" */;
			compatibilityVersion = "Xcode 9.3";
			developmentRegion = en;
			hasScannedForEncodings = 0;
			knownRegions = (
				en,
				Base,
			);
			mainGroup = 9B9D296522D8C1C300746139;
			productRefGroup = 9B9D296F22D8C1C300746139 /* Products */;
			projectDirPath = "";
			projectRoot = "";
			targets = (
				9B9D296D22D8C1C300746139 /* TableViewDiffableDataSourceDemo */,
			);
		};
/* End PBXProject section */

/* Begin PBXResourcesBuildPhase section */
		9B9D296C22D8C1C300746139 /* Resources */ = {
			isa = PBXResourcesBuildPhase;
			buildActionMask = 2147483647;
			files = (
				9B9D297E22D8C1C600746139 /* LaunchScreen.storyboard in Resources */,
				9B9D297B22D8C1C600746139 /* Assets.xcassets in Resources */,
				9B9D297922D8C1C300746139 /* Main.storyboard in Resources */,
			);
			runOnlyForDeploymentPostprocessing = 0;
		};
/* End PBXResourcesBuildPhase section */

/* Begin PBXSourcesBuildPhase section */
		9B9D296A22D8C1C300746139 /* Sources */ = {
			isa = PBXSourcesBuildPhase;
			buildActionMask = 2147483647;
			files = (
				9B6C7EC122DAE7360004EB45 /* Movie.swift in Sources */,
				9B9D298622D8C25F00746139 /* MovieTableViewController.swift in Sources */,
				9B9D297222D8C1C300746139 /* AppDelegate.swift in Sources */,
				9B22EE0B22DB0E8100F19980 /* MovieDetailViewController.swift in Sources */,
				9B22EE0722DAFE9E00F19980 /* MovieTableViewCell.swift in Sources */,
				9B9D297422D8C1C300746139 /* SceneDelegate.swift in Sources */,
			);
			runOnlyForDeploymentPostprocessing = 0;
		};
/* End PBXSourcesBuildPhase section */

/* Begin PBXVariantGroup section */
		9B9D297722D8C1C300746139 /* Main.storyboard */ = {
			isa = PBXVariantGroup;
			children = (
				9B9D297822D8C1C300746139 /* Base */,
			);
			name = Main.storyboard;
			sourceTree = "<group>";
		};
		9B9D297C22D8C1C600746139 /* LaunchScreen.storyboard */ = {
			isa = PBXVariantGroup;
			children = (
				9B9D297D22D8C1C600746139 /* Base */,
			);
			name = LaunchScreen.storyboard;
			sourceTree = "<group>";
		};
/* End PBXVariantGroup section */

/* Begin XCBuildConfiguration section */
		9B9D298022D8C1C600746139 /* Debug */ = {
			isa = XCBuildConfiguration;
			buildSettings = {
				ALWAYS_SEARCH_USER_PATHS = NO;
				CLANG_ANALYZER_NONNULL = YES;
				CLANG_ANALYZER_NUMBER_OBJECT_CONVERSION = YES_AGGRESSIVE;
				CLANG_CXX_LANGUAGE_STANDARD = "gnu++14";
				CLANG_CXX_LIBRARY = "libc++";
				CLANG_ENABLE_MODULES = YES;
				CLANG_ENABLE_OBJC_ARC = YES;
				CLANG_ENABLE_OBJC_WEAK = YES;
				CLANG_WARN_BLOCK_CAPTURE_AUTORELEASING = YES;
				CLANG_WARN_BOOL_CONVERSION = YES;
				CLANG_WARN_COMMA = YES;
				CLANG_WARN_CONSTANT_CONVERSION = YES;
				CLANG_WARN_DEPRECATED_OBJC_IMPLEMENTATIONS = YES;
				CLANG_WARN_DIRECT_OBJC_ISA_USAGE = YES_ERROR;
				CLANG_WARN_DOCUMENTATION_COMMENTS = YES;
				CLANG_WARN_EMPTY_BODY = YES;
				CLANG_WARN_ENUM_CONVERSION = YES;
				CLANG_WARN_INFINITE_RECURSION = YES;
				CLANG_WARN_INT_CONVERSION = YES;
				CLANG_WARN_NON_LITERAL_NULL_CONVERSION = YES;
				CLANG_WARN_OBJC_IMPLICIT_RETAIN_SELF = YES;
				CLANG_WARN_OBJC_LITERAL_CONVERSION = YES;
				CLANG_WARN_OBJC_ROOT_CLASS = YES_ERROR;
				CLANG_WARN_RANGE_LOOP_ANALYSIS = YES;
				CLANG_WARN_STRICT_PROTOTYPES = YES;
				CLANG_WARN_SUSPICIOUS_MOVE = YES;
				CLANG_WARN_UNGUARDED_AVAILABILITY = YES_AGGRESSIVE;
				CLANG_WARN_UNREACHABLE_CODE = YES;
				CLANG_WARN__DUPLICATE_METHOD_MATCH = YES;
				COPY_PHASE_STRIP = NO;
				DEBUG_INFORMATION_FORMAT = dwarf;
				ENABLE_STRICT_OBJC_MSGSEND = YES;
				ENABLE_TESTABILITY = YES;
				GCC_C_LANGUAGE_STANDARD = gnu11;
				GCC_DYNAMIC_NO_PIC = NO;
				GCC_NO_COMMON_BLOCKS = YES;
				GCC_OPTIMIZATION_LEVEL = 0;
				GCC_PREPROCESSOR_DEFINITIONS = (
					"DEBUG=1",
					"$(inherited)",
				);
				GCC_WARN_64_TO_32_BIT_CONVERSION = YES;
				GCC_WARN_ABOUT_RETURN_TYPE = YES_ERROR;
				GCC_WARN_UNDECLARED_SELECTOR = YES;
				GCC_WARN_UNINITIALIZED_AUTOS = YES_AGGRESSIVE;
				GCC_WARN_UNUSED_FUNCTION = YES;
				GCC_WARN_UNUSED_VARIABLE = YES;
				IPHONEOS_DEPLOYMENT_TARGET = 13.0;
				MTL_ENABLE_DEBUG_INFO = INCLUDE_SOURCE;
				MTL_FAST_MATH = YES;
				ONLY_ACTIVE_ARCH = YES;
				SDKROOT = iphoneos;
				SWIFT_ACTIVE_COMPILATION_CONDITIONS = DEBUG;
				SWIFT_OPTIMIZATION_LEVEL = "-Onone";
			};
			name = Debug;
		};
		9B9D298122D8C1C600746139 /* Release */ = {
			isa = XCBuildConfiguration;
			buildSettings = {
				ALWAYS_SEARCH_USER_PATHS = NO;
				CLANG_ANALYZER_NONNULL = YES;
				CLANG_ANALYZER_NUMBER_OBJECT_CONVERSION = YES_AGGRESSIVE;
				CLANG_CXX_LANGUAGE_STANDARD = "gnu++14";
				CLANG_CXX_LIBRARY = "libc++";
				CLANG_ENABLE_MODULES = YES;
				CLANG_ENABLE_OBJC_ARC = YES;
				CLANG_ENABLE_OBJC_WEAK = YES;
				CLANG_WARN_BLOCK_CAPTURE_AUTORELEASING = YES;
				CLANG_WARN_BOOL_CONVERSION = YES;
				CLANG_WARN_COMMA = YES;
				CLANG_WARN_CONSTANT_CONVERSION = YES;
				CLANG_WARN_DEPRECATED_OBJC_IMPLEMENTATIONS = YES;
				CLANG_WARN_DIRECT_OBJC_ISA_USAGE = YES_ERROR;
				CLANG_WARN_DOCUMENTATION_COMMENTS = YES;
				CLANG_WARN_EMPTY_BODY = YES;
				CLANG_WARN_ENUM_CONVERSION = YES;
				CLANG_WARN_INFINITE_RECURSION = YES;
				CLANG_WARN_INT_CONVERSION = YES;
				CLANG_WARN_NON_LITERAL_NULL_CONVERSION = YES;
				CLANG_WARN_OBJC_IMPLICIT_RETAIN_SELF = YES;
				CLANG_WARN_OBJC_LITERAL_CONVERSION = YES;
				CLANG_WARN_OBJC_ROOT_CLASS = YES_ERROR;
				CLANG_WARN_RANGE_LOOP_ANALYSIS = YES;
				CLANG_WARN_STRICT_PROTOTYPES = YES;
				CLANG_WARN_SUSPICIOUS_MOVE = YES;
				CLANG_WARN_UNGUARDED_AVAILABILITY = YES_AGGRESSIVE;
				CLANG_WARN_UNREACHABLE_CODE = YES;
				CLANG_WARN__DUPLICATE_METHOD_MATCH = YES;
				COPY_PHASE_STRIP = NO;
				DEBUG_INFORMATION_FORMAT = "dwarf-with-dsym";
				ENABLE_NS_ASSERTIONS = NO;
				ENABLE_STRICT_OBJC_MSGSEND = YES;
				GCC_C_LANGUAGE_STANDARD = gnu11;
				GCC_NO_COMMON_BLOCKS = YES;
				GCC_WARN_64_TO_32_BIT_CONVERSION = YES;
				GCC_WARN_ABOUT_RETURN_TYPE = YES_ERROR;
				GCC_WARN_UNDECLARED_SELECTOR = YES;
				GCC_WARN_UNINITIALIZED_AUTOS = YES_AGGRESSIVE;
				GCC_WARN_UNUSED_FUNCTION = YES;
				GCC_WARN_UNUSED_VARIABLE = YES;
				IPHONEOS_DEPLOYMENT_TARGET = 13.0;
				MTL_ENABLE_DEBUG_INFO = NO;
				MTL_FAST_MATH = YES;
				SDKROOT = iphoneos;
				SWIFT_COMPILATION_MODE = wholemodule;
				SWIFT_OPTIMIZATION_LEVEL = "-O";
				VALIDATE_PRODUCT = YES;
			};
			name = Release;
		};
		9B9D298322D8C1C600746139 /* Debug */ = {
			isa = XCBuildConfiguration;
			buildSettings = {
				ASSETCATALOG_COMPILER_APPICON_NAME = AppIcon;
				CODE_SIGN_STYLE = Automatic;
				INFOPLIST_FILE = TableViewDiffableDataSourceDemo/Info.plist;
				LD_RUNPATH_SEARCH_PATHS = (
					"$(inherited)",
					"@executable_path/Frameworks",
				);
				PRODUCT_BUNDLE_IDENTIFIER = com.peter.TableViewDiffableDataSourceDemo;
				PRODUCT_NAME = "$(TARGET_NAME)";
				SWIFT_VERSION = 5.0;
				TARGETED_DEVICE_FAMILY = "1,2";
			};
			name = Debug;
		};
		9B9D298422D8C1C600746139 /* Release */ = {
			isa = XCBuildConfiguration;
			buildSettings = {
				ASSETCATALOG_COMPILER_APPICON_NAME = AppIcon;
				CODE_SIGN_STYLE = Automatic;
				INFOPLIST_FILE = TableViewDiffableDataSourceDemo/Info.plist;
				LD_RUNPATH_SEARCH_PATHS = (
					"$(inherited)",
					"@executable_path/Frameworks",
				);
				PRODUCT_BUNDLE_IDENTIFIER = com.peter.TableViewDiffableDataSourceDemo;
				PRODUCT_NAME = "$(TARGET_NAME)";
				SWIFT_VERSION = 5.0;
				TARGETED_DEVICE_FAMILY = "1,2";
			};
			name = Release;
		};
/* End XCBuildConfiguration section */

/* Begin XCConfigurationList section */
		9B9D296922D8C1C300746139 /* Build configuration list for PBXProject "TableViewDiffableDataSourceDemo" */ = {
			isa = XCConfigurationList;
			buildConfigurations = (
				9B9D298022D8C1C600746139 /* Debug */,
				9B9D298122D8C1C600746139 /* Release */,
			);
			defaultConfigurationIsVisible = 0;
			defaultConfigurationName = Release;
		};
		9B9D298222D8C1C600746139 /* Build configuration list for PBXNativeTarget "TableViewDiffableDataSourceDemo" */ = {
			isa = XCConfigurationList;
			buildConfigurations = (
				9B9D298322D8C1C600746139 /* Debug */,
				9B9D298422D8C1C600746139 /* Release */,
			);
			defaultConfigurationIsVisible = 0;
			defaultConfigurationName = Release;
		};
/* End XCConfigurationList section */
	};
	rootObject = 9B9D296622D8C1C300746139 /* Project object */;
}
